
Microsoft Visual Studio Solution File, Format Version 12.00
# Visual Studio Version 17
VisualStudioVersion = 17.3.32825.248
MinimumVisualStudioVersion = 10.0.40219.1
Project("{FAE04EC0-301F-11D3-BF4B-00C04F79EFBC}") = "WinFormsWorks", "WinFormsWorks\WinFormsWorks.csproj", "{179B64A4-34F5-4602-86E1-987537CEC17D}"
EndProject
Global
	GlobalSection(SolutionConfigurationPlatforms) = preSolution
		Debug|Any CPU = Debug|Any CPU
		Release|Any CPU = Release|Any CPU
	EndGlobalSection
	GlobalSection(ProjectConfigurationPlatforms) = postSolution
		{179B64A4-34F5-4602-86E1-987537CEC17D}.Debug|Any CPU.ActiveCfg = Debug|Any CPU
		{179B64A4-34F5-4602-86E1-987537CEC17D}.Debug|Any CPU.Build.0 = Debug|Any CPU
		{179B64A4-34F5-4602-86E1-987537CEC17D}.Release|Any CPU.ActiveCfg = Release|Any CPU
		{179B64A4-34F5-4602-86E1-987537CEC17D}.Release|Any CPU.Build.0 = Release|Any CPU
	EndGlobalSection
	GlobalSection(SolutionProperties) = preSolution
		HideSolutionNode = FALSE
	EndGlobalSection
	GlobalSection(ExtensibilityGlobals) = postSolution
		SolutionGuid = {AA222415-664C-47AB-BACD-7B99E6219097}
	EndGlobalSection
EndGlobal
